Microsoft Visual Studio Solution File, Format Version 12.00
# Visual Studio Version 17
VisualStudioVersion = 17.8.34511.84
MinimumVisualStudioVersion = 16.0.0.0
Project("{9A19103F-16F7-4668-BE54-9A1E7A4F7556}") = "MultiplayerQuizGame", "MultiplayerQuizGame\MultiplayerQuizGame.csproj", "{30638896-975E-4175-91DE-AB20DA2E089C}"
EndProject
Project("{9A19103F-16F7-4668-BE54-9A1E7A4F7556}") = "MultiplayerQuizGame.Client", "MultiplayerQuizGame.Client\MultiplayerQuizGame.Client.csproj", "{4BDFC881-8EDD-47FC-B443-A96B72A9FF58}"
EndProject
Project("{9A19103F-16F7-4668-BE54-9A1E7A4F7556}") = "MultiplayerQuizGame.Shared", "MultiplayerQuizGame.Shared\MultiplayerQuizGame.Shared.csproj", "{9C2BA816-1916-4484-A3C9-1A59F9E46DD7}"
EndProject
Global
	GlobalSection(SolutionConfigurationPlatforms) = preSolution
		Debug|Any CPU = Debug|Any CPU
		Debug|x64 = Debug|x64
		Debug|x86 = Debug|x86
		Release|Any CPU = Release|Any CPU
		Release|x64 = Release|x64
		Release|x86 = Release|x86
	EndGlobalSection
	GlobalSection(ProjectConfigurationPlatforms) = postSolution
		{30638896-975E-4175-91DE-AB20DA2E089C}.Debug|Any CPU.ActiveCfg = Debug|Any CPU
		{30638896-975E-4175-91DE-AB20DA2E089C}.Debug|Any CPU.Build.0 = Debug|Any CPU
		{30638896-975E-4175-91DE-AB20DA2E089C}.Debug|x64.ActiveCfg = Debug|Any CPU
		{30638896-975E-4175-91DE-AB20DA2E089C}.Debug|x64.Build.0 = Debug|Any CPU
		{30638896-975E-4175-91DE-AB20DA2E089C}.Debug|x86.ActiveCfg = Debug|Any CPU
		{30638896-975E-4175-91DE-AB20DA2E089C}.Debug|x86.Build.0 = Debug|Any CPU
		{30638896-975E-4175-91DE-AB20DA2E089C}.Release|Any CPU.ActiveCfg = Release|Any CPU
		{30638896-975E-4175-91DE-AB20DA2E089C}.Release|Any CPU.Build.0 = Release|Any CPU
		{30638896-975E-4175-91DE-AB20DA2E089C}.Release|x64.ActiveCfg = Release|Any CPU
		{30638896-975E-4175-91DE-AB20DA2E089C}.Release|x64.Build.0 = Release|Any CPU
		{30638896-975E-4175-91DE-AB20DA2E089C}.Release|x86.ActiveCfg = Release|Any CPU
		{30638896-975E-4175-91DE-AB20DA2E089C}.Release|x86.Build.0 = Release|Any CPU
		{4BDFC881-8EDD-47FC-B443-A96B72A9FF58}.Debug|Any CPU.ActiveCfg = Debug|Any CPU
		{4BDFC881-8EDD-47FC-B443-A96B72A9FF58}.Debug|Any CPU.Build.0 = Debug|Any CPU
		{4BDFC881-8EDD-47FC-B443-A96B72A9FF58}.Debug|x64.ActiveCfg = Debug|Any CPU
		{4BDFC881-8EDD-47FC-B443-A96B72A9FF58}.Debug|x64.Build.0 = Debug|Any CPU
		{4BDFC881-8EDD-47FC-B443-A96B72A9FF58}.Debug|x86.ActiveCfg = Debug|Any CPU
		{4BDFC881-8EDD-47FC-B443-A96B72A9FF58}.Debug|x86.Build.0 = Debug|Any CPU
		{4BDFC881-8EDD-47FC-B443-A96B72A9FF58}.Release|Any CPU.ActiveCfg = Release|Any CPU
		{4BDFC881-8EDD-47FC-B443-A96B72A9FF58}.Release|Any CPU.Build.0 = Release|Any CPU
		{4BDFC881-8EDD-47FC-B443-A96B72A9FF58}.Release|x64.ActiveCfg = Release|Any CPU
		{4BDFC881-8EDD-47FC-B443-A96B72A9FF58}.Release|x64.Build.0 = Release|Any CPU
		{4BDFC881-8EDD-47FC-B443-A96B72A9FF58}.Release|x86.ActiveCfg = Release|Any CPU
		{4BDFC881-8EDD-47FC-B443-A96B72A9FF58}.Release|x86.Build.0 = Release|Any CPU
		{9C2BA816-1916-4484-A3C9-1A59F9E46DD7}.Debug|Any CPU.ActiveCfg = Debug|Any CPU
		{9C2BA816-1916-4484-A3C9-1A59F9E46DD7}.Debug|Any CPU.Build.0 = Debug|Any CPU
		{9C2BA816-1916-4484-A3C9-1A59F9E46DD7}.Debug|x64.ActiveCfg = Debug|Any CPU
		{9C2BA816-1916-4484-A3C9-1A59F9E46DD7}.Debug|x64.Build.0 = Debug|Any CPU
		{9C2BA816-1916-4484-A3C9-1A59F9E46DD7}.Debug|x86.ActiveCfg = Debug|Any CPU
		{9C2BA816-1916-4484-A3C9-1A59F9E46DD7}.Debug|x86.Build.0 = Debug|Any CPU
		{9C2BA816-1916-4484-A3C9-1A59F9E46DD7}.Release|Any CPU.ActiveCfg = Release|Any CPU
		{9C2BA816-1916-4484-A3C9-1A59F9E46DD7}.Release|Any CPU.Build.0 = Release|Any CPU
		{9C2BA816-1916-4484-A3C9-1A59F9E46DD7}.Release|x64.ActiveCfg = Release|Any CPU
		{9C2BA816-1916-4484-A3C9-1A59F9E46DD7}.Release|x64.Build.0 = Release|Any CPU
		{9C2BA816-1916-4484-A3C9-1A59F9E46DD7}.Release|x86.ActiveCfg = Release|Any CPU
		{9C2BA816-1916-4484-A3C9-1A59F9E46DD7}.Release|x86.Build.0 = Release|Any CPU
	EndGlobalSection
	GlobalSection(SolutionProperties) = preSolution
		HideSolutionNode = FALSE
	EndGlobalSection
	GlobalSection(ExtensibilityGlobals) = postSolution
		SolutionGuid = {82F98EFE-F8FF-4A32-8151-333013EF2D61}
	EndGlobalSection
EndGlobal
